
Microsoft Visual Studio Solution File, Format Version 12.00
# Visual Studio 15
VisualStudioVersion = 15.0.28010.2026
MinimumVisualStudioVersion = 10.0.40219.1
Project("{FAE04EC0-301F-11D3-BF4B-00C04F79EFBC}") = "Jared", "Jared\Jared.csproj", "{8FB2C5D5-2D3C-46EC-A716-860A0F7F2F87}"
EndProject
Project("{FAE04EC0-301F-11D3-BF4B-00C04F79EFBC}") = "Jared.Sample", "Jared.Sample\Jared.Sample.csproj", "{ADDAF02E-D9E4-4014-ABD9-82E5C0B78998}"
EndProject
Global
	GlobalSection(SolutionConfigurationPlatforms) = preSolution
		Debug|Any CPU = Debug|Any CPU
		Release|Any CPU = Release|Any CPU
	EndGlobalSection
	GlobalSection(ProjectConfigurationPlatforms) = postSolution
		{8FB2C5D5-2D3C-46EC-A716-860A0F7F2F87}.Debug|Any CPU.ActiveCfg = Debug|Any CPU
		{8FB2C5D5-2D3C-46EC-A716-860A0F7F2F87}.Debug|Any CPU.Build.0 = Debug|Any CPU
		{8FB2C5D5-2D3C-46EC-A716-860A0F7F2F87}.Release|Any CPU.ActiveCfg = Release|Any CPU
		{8FB2C5D5-2D3C-46EC-A716-860A0F7F2F87}.Release|Any CPU.Build.0 = Release|Any CPU
		{ADDAF02E-D9E4-4014-ABD9-82E5C0B78998}.Debug|Any CPU.ActiveCfg = Debug|Any CPU
		{ADDAF02E-D9E4-4014-ABD9-82E5C0B78998}.Debug|Any CPU.Build.0 = Debug|Any CPU
		{ADDAF02E-D9E4-4014-ABD9-82E5C0B78998}.Release|Any CPU.ActiveCfg = Release|Any CPU
		{ADDAF02E-D9E4-4014-ABD9-82E5C0B78998}.Release|Any CPU.Build.0 = Release|Any CPU
	EndGlobalSection
	GlobalSection(SolutionProperties) = preSolution
		HideSolutionNode = FALSE
	EndGlobalSection
	GlobalSection(ExtensibilityGlobals) = postSolution
		SolutionGuid = {E77457AE-6270-4A3D-8294-3EB4F14882BE}
	EndGlobalSection
EndGlobal
